
Microsoft Visual Studio Solution File, Format Version 12.00
# Visual Studio Version 17
VisualStudioVersion = 17.11.35312.102
MinimumVisualStudioVersion = 10.0.40219.1
Project("{FAE04EC0-301F-11D3-BF4B-00C04F79EFBC}") = "Apt.App", "Apt.App\Apt.App.csproj", "{8F65756A-1A47-4B4F-BEE4-64E3D83ED611}"
EndProject
Global
	GlobalSection(SolutionConfigurationPlatforms) = preSolution
		Debug|Any CPU = Debug|Any CPU
		Release|Any CPU = Release|Any CPU
	EndGlobalSection
	GlobalSection(ProjectConfigurationPlatforms) = postSolution
		{8F65756A-1A47-4B4F-BEE4-64E3D83ED611}.Debug|Any CPU.ActiveCfg = Debug|Any CPU
		{8F65756A-1A47-4B4F-BEE4-64E3D83ED611}.Debug|Any CPU.Build.0 = Debug|Any CPU
		{8F65756A-1A47-4B4F-BEE4-64E3D83ED611}.Release|Any CPU.ActiveCfg = Release|Any CPU
		{8F65756A-1A47-4B4F-BEE4-64E3D83ED611}.Release|Any CPU.Build.0 = Release|Any CPU
	EndGlobalSection
	GlobalSection(SolutionProperties) = preSolution
		HideSolutionNode = FALSE
	EndGlobalSection
	GlobalSection(ExtensibilityGlobals) = postSolution
		SolutionGuid = {DC998F20-3E98-4B47-908A-97868CE8D2B2}
	EndGlobalSection
EndGlobal
